
Microsoft Visual Studio Solution File, Format Version 12.00
# Visual Studio Version 16
VisualStudioVersion = 16.0.28803.202
MinimumVisualStudioVersion = 10.0.40219.1
Project("{9A19103F-16F7-4668-BE54-9A1E7A4F7556}") = "EventHandlerTest", "EventHandlerTest\EventHandlerTest.csproj", "{6445F56E-062A-4E48-8655-B2191B555EFC}"
EndProject
Project("{FAE04EC0-301F-11D3-BF4B-00C04F79EFBC}") = "Event2", "Event2\Event2.csproj", "{BCABFEAC-63BC-47BE-A266-7A91F54FC978}"
EndProject
Global
	GlobalSection(SolutionConfigurationPlatforms) = preSolution
		Debug|Any CPU = Debug|Any CPU
		Release|Any CPU = Release|Any CPU
	EndGlobalSection
	GlobalSection(ProjectConfigurationPlatforms) = postSolution
		{6445F56E-062A-4E48-8655-B2191B555EFC}.Debug|Any CPU.ActiveCfg = Debug|Any CPU
		{6445F56E-062A-4E48-8655-B2191B555EFC}.Debug|Any CPU.Build.0 = Debug|Any CPU
		{6445F56E-062A-4E48-8655-B2191B555EFC}.Release|Any CPU.ActiveCfg = Release|Any CPU
		{6445F56E-062A-4E48-8655-B2191B555EFC}.Release|Any CPU.Build.0 = Release|Any CPU
		{BCABFEAC-63BC-47BE-A266-7A91F54FC978}.Debug|Any CPU.ActiveCfg = Debug|Any CPU
		{BCABFEAC-63BC-47BE-A266-7A91F54FC978}.Debug|Any CPU.Build.0 = Debug|Any CPU
		{BCABFEAC-63BC-47BE-A266-7A91F54FC978}.Release|Any CPU.ActiveCfg = Release|Any CPU
		{BCABFEAC-63BC-47BE-A266-7A91F54FC978}.Release|Any CPU.Build.0 = Release|Any CPU
	EndGlobalSection
	GlobalSection(SolutionProperties) = preSolution
		HideSolutionNode = FALSE
	EndGlobalSection
	GlobalSection(ExtensibilityGlobals) = postSolution
		SolutionGuid = {9D76E00B-D03E-4411-BFB8-1242B14F30B5}
	EndGlobalSection
EndGlobal
